<?xml version="1.0" encoding="UTF-8"?>
<Scheme
   version = "1.3">
   <BuildAction>
      <BuildActionEntries>
         <BuildActionEntry
            buildForRunning = "YES">
            <BuildableReference
               BuildableIdentifier = "primary"
               BlueprintIdentifier = "196564CC507C86614E72EE46"
               BuildableName = "SwitchToLatestClock.app"
               BlueprintName = "SwitchToLatestClock"
               ReferencedContainer = "container:SwitchToLatestClock.xcodeproj">
            </BuildableReference>
         </BuildActionEntry>
      </BuildActionEntries>
   </BuildAction>
   <LaunchAction
      useCustomWorkingDirectory = "NO"
      buildConfiguration = "Debug">
      <BuildableProductRunnable>
         <BuildableReference
            BuildableIdentifier = "primary"
            BlueprintIdentifier = "196564CC507C86614E72EE46"
            BuildableName = "SwitchToLatestClock.app"
            BlueprintName = "SwitchToLatestClock"
            ReferencedContainer = "container:SwitchToLatestClock.xcodeproj">
         </BuildableReference>
      </BuildableProductRunnable>
   </LaunchAction>
</Scheme>
